
Microsoft Visual Studio Solution File, Format Version 11.00
# Visual Studio 2010
Project("{FAE04EC0-301F-11D3-BF4B-00C04F79EFBC}") = "functional-rogue-xna", "functional-rogue-xna\functional-rogue-xna\functional-rogue-xna.csproj", "{711CF5FD-39D9-4E13-9061-CD136814CE5D}"
EndProject
Project("{FAE04EC0-301F-11D3-BF4B-00C04F79EFBC}") = "functional-rogue-xnaContent", "functional-rogue-xna\functional-rogue-xnaContent\functional-rogue-xnaContent.contentproj", "{CE970A93-2EC0-4C7E-B12A-01C04224AEEF}"
EndProject
Project("{FAE04EC0-301F-11D3-BF4B-00C04F79EFBC}") = "Gui", "xnagui\Gui\Gui.csproj", "{3C3B814A-E1C2-4DD3-B7E4-57358AC7451A}"
EndProject
Project("{FAE04EC0-301F-11D3-BF4B-00C04F79EFBC}") = "GuiContent", "xnagui\GuiContent\GuiContent.csproj", "{ECC72571-83C8-47E5-A0D4-61AB66AB66F8}"
EndProject
Project("{FAE04EC0-301F-11D3-BF4B-00C04F79EFBC}") = "Utils", "xnagui\Utils\Utils.csproj", "{C669EB89-E925-4372-8EA8-FC5A246740A0}"
EndProject
Project("{F2A71F9B-5D33-465A-A702-920D77279786}") = "mock-server", "mock-server\mock-server.fsproj", "{845AA9F1-E4A3-4549-B854-A4A1C81DB88B}"
EndProject
Project("{2150E333-8FDC-42A3-9474-1A3956D46DE8}") = "GuiStuff", "GuiStuff", "{A217A0DE-D0BD-4125-BBFA-81FFAFA6D153}"
EndProject
Global
	GlobalSection(SolutionConfigurationPlatforms) = preSolution
		Debug|Any CPU = Debug|Any CPU
		Debug|Mixed Platforms = Debug|Mixed Platforms
		Debug|x86 = Debug|x86
		Layout|Any CPU = Layout|Any CPU
		Layout|Mixed Platforms = Layout|Mixed Platforms
		Layout|x86 = Layout|x86
		Release|Any CPU = Release|Any CPU
		Release|Mixed Platforms = Release|Mixed Platforms
		Release|x86 = Release|x86
	EndGlobalSection
	GlobalSection(ProjectConfigurationPlatforms) = postSolution
		{711CF5FD-39D9-4E13-9061-CD136814CE5D}.Debug|Any CPU.ActiveCfg = Debug|x86
		{711CF5FD-39D9-4E13-9061-CD136814CE5D}.Debug|Mixed Platforms.ActiveCfg = Debug|x86
		{711CF5FD-39D9-4E13-9061-CD136814CE5D}.Debug|Mixed Platforms.Build.0 = Debug|x86
		{711CF5FD-39D9-4E13-9061-CD136814CE5D}.Debug|x86.ActiveCfg = Debug|x86
		{711CF5FD-39D9-4E13-9061-CD136814CE5D}.Debug|x86.Build.0 = Debug|x86
		{711CF5FD-39D9-4E13-9061-CD136814CE5D}.Layout|Any CPU.ActiveCfg = Release|x86
		{711CF5FD-39D9-4E13-9061-CD136814CE5D}.Layout|Mixed Platforms.ActiveCfg = Release|x86
		{711CF5FD-39D9-4E13-9061-CD136814CE5D}.Layout|Mixed Platforms.Build.0 = Release|x86
		{711CF5FD-39D9-4E13-9061-CD136814CE5D}.Layout|x86.ActiveCfg = Release|x86
		{711CF5FD-39D9-4E13-9061-CD136814CE5D}.Layout|x86.Build.0 = Release|x86
		{711CF5FD-39D9-4E13-9061-CD136814CE5D}.Release|Any CPU.ActiveCfg = Release|x86
		{711CF5FD-39D9-4E13-9061-CD136814CE5D}.Release|Mixed Platforms.ActiveCfg = Release|x86
		{711CF5FD-39D9-4E13-9061-CD136814CE5D}.Release|Mixed Platforms.Build.0 = Release|x86
		{711CF5FD-39D9-4E13-9061-CD136814CE5D}.Release|x86.ActiveCfg = Release|x86
		{711CF5FD-39D9-4E13-9061-CD136814CE5D}.Release|x86.Build.0 = Release|x86
		{CE970A93-2EC0-4C7E-B12A-01C04224AEEF}.Debug|Any CPU.ActiveCfg = Debug|x86
		{CE970A93-2EC0-4C7E-B12A-01C04224AEEF}.Debug|Mixed Platforms.ActiveCfg = Debug|x86
		{CE970A93-2EC0-4C7E-B12A-01C04224AEEF}.Debug|x86.ActiveCfg = Debug|x86
		{CE970A93-2EC0-4C7E-B12A-01C04224AEEF}.Layout|Any CPU.ActiveCfg = Release|x86
		{CE970A93-2EC0-4C7E-B12A-01C04224AEEF}.Layout|Mixed Platforms.ActiveCfg = Release|x86
		{CE970A93-2EC0-4C7E-B12A-01C04224AEEF}.Layout|x86.ActiveCfg = Release|x86
		{CE970A93-2EC0-4C7E-B12A-01C04224AEEF}.Release|Any CPU.ActiveCfg = Release|x86
		{CE970A93-2EC0-4C7E-B12A-01C04224AEEF}.Release|Mixed Platforms.ActiveCfg = Release|x86
		{CE970A93-2EC0-4C7E-B12A-01C04224AEEF}.Release|x86.ActiveCfg = Release|x86
		{3C3B814A-E1C2-4DD3-B7E4-57358AC7451A}.Debug|Any CPU.ActiveCfg = Debug|x86
		{3C3B814A-E1C2-4DD3-B7E4-57358AC7451A}.Debug|Mixed Platforms.ActiveCfg = Debug|x86
		{3C3B814A-E1C2-4DD3-B7E4-57358AC7451A}.Debug|Mixed Platforms.Build.0 = Debug|x86
		{3C3B814A-E1C2-4DD3-B7E4-57358AC7451A}.Debug|x86.ActiveCfg = Debug|x86
		{3C3B814A-E1C2-4DD3-B7E4-57358AC7451A}.Debug|x86.Build.0 = Debug|x86
		{3C3B814A-E1C2-4DD3-B7E4-57358AC7451A}.Layout|Any CPU.ActiveCfg = Layout|x86
		{3C3B814A-E1C2-4DD3-B7E4-57358AC7451A}.Layout|Mixed Platforms.ActiveCfg = Layout|x86
		{3C3B814A-E1C2-4DD3-B7E4-57358AC7451A}.Layout|Mixed Platforms.Build.0 = Layout|x86
		{3C3B814A-E1C2-4DD3-B7E4-57358AC7451A}.Layout|x86.ActiveCfg = Layout|x86
		{3C3B814A-E1C2-4DD3-B7E4-57358AC7451A}.Layout|x86.Build.0 = Layout|x86
		{3C3B814A-E1C2-4DD3-B7E4-57358AC7451A}.Release|Any CPU.ActiveCfg = Release|x86
		{3C3B814A-E1C2-4DD3-B7E4-57358AC7451A}.Release|Mixed Platforms.ActiveCfg = Release|x86
		{3C3B814A-E1C2-4DD3-B7E4-57358AC7451A}.Release|Mixed Platforms.Build.0 = Release|x86
		{3C3B814A-E1C2-4DD3-B7E4-57358AC7451A}.Release|x86.ActiveCfg = Release|x86
		{3C3B814A-E1C2-4DD3-B7E4-57358AC7451A}.Release|x86.Build.0 = Release|x86
		{ECC72571-83C8-47E5-A0D4-61AB66AB66F8}.Debug|Any CPU.ActiveCfg = Debug|x86
		{ECC72571-83C8-47E5-A0D4-61AB66AB66F8}.Debug|Mixed Platforms.ActiveCfg = Debug|x86
		{ECC72571-83C8-47E5-A0D4-61AB66AB66F8}.Debug|Mixed Platforms.Build.0 = Debug|x86
		{ECC72571-83C8-47E5-A0D4-61AB66AB66F8}.Debug|x86.ActiveCfg = Debug|x86
		{ECC72571-83C8-47E5-A0D4-61AB66AB66F8}.Debug|x86.Build.0 = Debug|x86
		{ECC72571-83C8-47E5-A0D4-61AB66AB66F8}.Layout|Any CPU.ActiveCfg = Release|x86
		{ECC72571-83C8-47E5-A0D4-61AB66AB66F8}.Layout|Mixed Platforms.ActiveCfg = Release|x86
		{ECC72571-83C8-47E5-A0D4-61AB66AB66F8}.Layout|Mixed Platforms.Build.0 = Release|x86
		{ECC72571-83C8-47E5-A0D4-61AB66AB66F8}.Layout|x86.ActiveCfg = Release|x86
		{ECC72571-83C8-47E5-A0D4-61AB66AB66F8}.Layout|x86.Build.0 = Release|x86
		{ECC72571-83C8-47E5-A0D4-61AB66AB66F8}.Release|Any CPU.ActiveCfg = Release|x86
		{ECC72571-83C8-47E5-A0D4-61AB66AB66F8}.Release|Mixed Platforms.ActiveCfg = Release|x86
		{ECC72571-83C8-47E5-A0D4-61AB66AB66F8}.Release|Mixed Platforms.Build.0 = Release|x86
		{ECC72571-83C8-47E5-A0D4-61AB66AB66F8}.Release|x86.ActiveCfg = Release|x86
		{ECC72571-83C8-47E5-A0D4-61AB66AB66F8}.Release|x86.Build.0 = Release|x86
		{C669EB89-E925-4372-8EA8-FC5A246740A0}.Debug|Any CPU.ActiveCfg = Debug|x86
		{C669EB89-E925-4372-8EA8-FC5A246740A0}.Debug|Mixed Platforms.ActiveCfg = Debug|x86
		{C669EB89-E925-4372-8EA8-FC5A246740A0}.Debug|Mixed Platforms.Build.0 = Debug|x86
		{C669EB89-E925-4372-8EA8-FC5A246740A0}.Debug|x86.ActiveCfg = Debug|x86
		{C669EB89-E925-4372-8EA8-FC5A246740A0}.Debug|x86.Build.0 = Debug|x86
		{C669EB89-E925-4372-8EA8-FC5A246740A0}.Layout|Any CPU.ActiveCfg = Release|x86
		{C669EB89-E925-4372-8EA8-FC5A246740A0}.Layout|Mixed Platforms.ActiveCfg = Release|x86
		{C669EB89-E925-4372-8EA8-FC5A246740A0}.Layout|Mixed Platforms.Build.0 = Release|x86
		{C669EB89-E925-4372-8EA8-FC5A246740A0}.Layout|x86.ActiveCfg = Release|x86
		{C669EB89-E925-4372-8EA8-FC5A246740A0}.Layout|x86.Build.0 = Release|x86
		{C669EB89-E925-4372-8EA8-FC5A246740A0}.Release|Any CPU.ActiveCfg = Release|x86
		{C669EB89-E925-4372-8EA8-FC5A246740A0}.Release|Mixed Platforms.ActiveCfg = Release|x86
		{C669EB89-E925-4372-8EA8-FC5A246740A0}.Release|Mixed Platforms.Build.0 = Release|x86
		{C669EB89-E925-4372-8EA8-FC5A246740A0}.Release|x86.ActiveCfg = Release|x86
		{C669EB89-E925-4372-8EA8-FC5A246740A0}.Release|x86.Build.0 = Release|x86
		{845AA9F1-E4A3-4549-B854-A4A1C81DB88B}.Debug|Any CPU.ActiveCfg = Debug|Any CPU
		{845AA9F1-E4A3-4549-B854-A4A1C81DB88B}.Debug|Any CPU.Build.0 = Debug|Any CPU
		{845AA9F1-E4A3-4549-B854-A4A1C81DB88B}.Debug|Mixed Platforms.ActiveCfg = Debug|Any CPU
		{845AA9F1-E4A3-4549-B854-A4A1C81DB88B}.Debug|Mixed Platforms.Build.0 = Debug|Any CPU
		{845AA9F1-E4A3-4549-B854-A4A1C81DB88B}.Debug|x86.ActiveCfg = Debug|Any CPU
		{845AA9F1-E4A3-4549-B854-A4A1C81DB88B}.Layout|Any CPU.ActiveCfg = Release|Any CPU
		{845AA9F1-E4A3-4549-B854-A4A1C81DB88B}.Layout|Any CPU.Build.0 = Release|Any CPU
		{845AA9F1-E4A3-4549-B854-A4A1C81DB88B}.Layout|Mixed Platforms.ActiveCfg = Release|Any CPU
		{845AA9F1-E4A3-4549-B854-A4A1C81DB88B}.Layout|Mixed Platforms.Build.0 = Release|Any CPU
		{845AA9F1-E4A3-4549-B854-A4A1C81DB88B}.Layout|x86.ActiveCfg = Release|Any CPU
		{845AA9F1-E4A3-4549-B854-A4A1C81DB88B}.Release|Any CPU.ActiveCfg = Release|Any CPU
		{845AA9F1-E4A3-4549-B854-A4A1C81DB88B}.Release|Any CPU.Build.0 = Release|Any CPU
		{845AA9F1-E4A3-4549-B854-A4A1C81DB88B}.Release|Mixed Platforms.ActiveCfg = Release|Any CPU
		{845AA9F1-E4A3-4549-B854-A4A1C81DB88B}.Release|Mixed Platforms.Build.0 = Release|Any CPU
		{845AA9F1-E4A3-4549-B854-A4A1C81DB88B}.Release|x86.ActiveCfg = Release|Any CPU
	EndGlobalSection
	GlobalSection(SolutionProperties) = preSolution
		HideSolutionNode = FALSE
	EndGlobalSection
	GlobalSection(NestedProjects) = preSolution
		{ECC72571-83C8-47E5-A0D4-61AB66AB66F8} = {A217A0DE-D0BD-4125-BBFA-81FFAFA6D153}
		{C669EB89-E925-4372-8EA8-FC5A246740A0} = {A217A0DE-D0BD-4125-BBFA-81FFAFA6D153}
		{3C3B814A-E1C2-4DD3-B7E4-57358AC7451A} = {A217A0DE-D0BD-4125-BBFA-81FFAFA6D153}
	EndGlobalSection
EndGlobal
